
Microsoft Visual Studio Solution File, Format Version 12.00
# Visual Studio Version 17
VisualStudioVersion = 17.9.34902.65
MinimumVisualStudioVersion = 10.0.40219.1
Project("{9A19103F-16F7-4668-BE54-9A1E7A4F7556}") = "Design.Patterns.Abstract.Factory", "Criacionais\Design.Patterns.Abstract.Factory\Design.Patterns.Abstract.Factory.csproj", "{07310FDC-8AD7-4E88-88A0-09F5741FA1F5}"
EndProject
Project("{9A19103F-16F7-4668-BE54-9A1E7A4F7556}") = "Design.Patterbs.Ripiper.Builder", "Criacionais\Design.Patterbs.Ripiper.Builder\Design.Patterbs.Ripiper.Builder.csproj", "{C2E74428-4002-46E2-B188-5CA074D39DF2}"
EndProject
Project("{9A19103F-16F7-4668-BE54-9A1E7A4F7556}") = "Design.Patterns.Factory.Method", "Criacionais\Design.Patterns.Factory.Method\Design.Patterns.Factory.Method.csproj", "{6D7C54A9-C5B5-4C9A-8482-B38E4CCC6213}"
EndProject
Project("{9A19103F-16F7-4668-BE54-9A1E7A4F7556}") = "Design.Patterns.Prototype", "Criacionais\Design.Patterns.Prototype\Design.Patterns.Prototype.csproj", "{4A2AD4FB-C8DA-4685-86AF-9D97EB6D41A3}"
EndProject
Project("{9A19103F-16F7-4668-BE54-9A1E7A4F7556}") = "Design.Patterns.Singleton", "Criacionais\Design.Patterns.Singleton\Design.Patterns.Singleton.csproj", "{4C79F1C0-CA70-4E10-9BE9-0AE785B11767}"
EndProject
Project("{9A19103F-16F7-4668-BE54-9A1E7A4F7556}") = "Design.Patterns.Adapter", "Estruturais\Design.Patterns.Adapter\Design.Patterns.Adapter.csproj", "{D74A0A86-35AD-4441-9215-3F62D1EE3DF8}"
EndProject
Project("{9A19103F-16F7-4668-BE54-9A1E7A4F7556}") = "Design.Patterns.Bridge", "Estruturais\Design.Patterns.Bridge\Design.Patterns.Bridge.csproj", "{CC1E73A9-7F08-44FB-BB08-5E9E5434FDFD}"
EndProject
Project("{9A19103F-16F7-4668-BE54-9A1E7A4F7556}") = "Design.Patterns.Ripiper.Facade", "Estruturais\Design.Patterns.Ripiper.Facade\Design.Patterns.Ripiper.Facade.csproj", "{383BFA5D-B295-45CD-ADA3-8475A0AD0309}"
EndProject
Project("{9A19103F-16F7-4668-BE54-9A1E7A4F7556}") = "Design.Patterns.Ripiper.Composite", "Estruturais\Design.Patterns.Ripiper.Composite\Design.Patterns.Ripiper.Composite.csproj", "{02A78DE5-C686-47ED-A3AD-7B7318E234F8}"
EndProject
Project("{9A19103F-16F7-4668-BE54-9A1E7A4F7556}") = "DesingPatterns.Repiper.Decorator", "Estruturais\DesingPatterns.Repiper.Decorator\DesingPatterns.Repiper.Decorator.csproj", "{C9A86BD3-3EB7-4637-B566-BDD8A6D15DC3}"
EndProject
Project("{9A19103F-16F7-4668-BE54-9A1E7A4F7556}") = "DesingPatterns.Obsersver", "Comportamentais\DesingPatterns.Obsersver\DesingPatterns.Obsersver.csproj", "{FA491507-C590-40DB-B603-9A34D4C1FD1C}"
EndProject
Project("{9A19103F-16F7-4668-BE54-9A1E7A4F7556}") = "Design.Patterns.mediator", "Comportamentais\Design.Patterns.mediator\Design.Patterns.mediator.csproj", "{86364F81-ACCE-4EA5-9EB9-EBFA2CC48127}"
EndProject
Project("{9A19103F-16F7-4668-BE54-9A1E7A4F7556}") = "DesignerPatterns.Chain-Of-Responsibility", "Comportamentais\DesignerPatterns.Chain-Of-Responsibility\DesignerPatterns.Chain-Of-Responsibility.csproj", "{C65496AB-089A-401A-9014-7F7EC0A72425}"
EndProject
Project("{9A19103F-16F7-4668-BE54-9A1E7A4F7556}") = "Design.Patterns.Ripiper.Proxy", "Comportamentais\Design.Patterns.Ripiper.Proxy\Design.Patterns.Ripiper.Proxy.csproj", "{65E65F44-0A09-47CE-9309-B47A2A1DD088}"
EndProject
Project("{9A19103F-16F7-4668-BE54-9A1E7A4F7556}") = "Design.Patterns.Repiper.command", "Comportamentais\Design.Patterns.Repiper.command\Design.Patterns.Repiper.command.csproj", "{5E33312C-CF87-47DA-B6A7-EBB50FF85F12}"
EndProject
Project("{9A19103F-16F7-4668-BE54-9A1E7A4F7556}") = "Designer.Patterns.Ripper.iterator", "Designer.Patterns.Ripper.iterator\Designer.Patterns.Ripper.iterator.csproj", "{65CF891D-3B27-4413-887C-61A8ACD6AAD6}"
EndProject
Project("{9A19103F-16F7-4668-BE54-9A1E7A4F7556}") = "DesignPatterns.Ripiper.memento", "Comportamentais\DesignPatterns.Ripiper.memento\DesignPatterns.Ripiper.memento.csproj", "{88232EA4-6F8B-4C00-A8DB-C9EBCC058C6C}"
EndProject
Project("{9A19103F-16F7-4668-BE54-9A1E7A4F7556}") = "Design.Patterns.Ripiper.State", "Comportamentais\Design.Patterns.Ripiper.State\Design.Patterns.Ripiper.State.csproj", "{D4BFAF1E-C890-470F-B960-293C04D7546D}"
EndProject
Project("{9A19103F-16F7-4668-BE54-9A1E7A4F7556}") = "Design.Patterns.Ripiper.Strategy", "Comportamentais\Design.Patterns.Ripiper.Strategy\Design.Patterns.Ripiper.Strategy.csproj", "{A6B77830-7BBC-46C1-8B6A-1F3F5BB84FEF}"
EndProject
Project("{9A19103F-16F7-4668-BE54-9A1E7A4F7556}") = "Design.Patterns.Ripiper.TemplateMethod", "Comportamentais\Design.Patterns.Ripiper.TemplateMethod\Design.Patterns.Ripiper.TemplateMethod.csproj", "{E559E51A-0F84-481B-ACA1-69B281011532}"
EndProject
Project("{FAE04EC0-301F-11D3-BF4B-00C04F79EFBC}") = "ValidacoesFluentes", "ValidacoesFluentes\ValidacoesFluentes.csproj", "{706A489B-AFAB-4C6D-8E6C-C2B51076D6F6}"
EndProject
Global
	GlobalSection(SolutionConfigurationPlatforms) = preSolution
		Debug|Any CPU = Debug|Any CPU
		Release|Any CPU = Release|Any CPU
	EndGlobalSection
	GlobalSection(ProjectConfigurationPlatforms) = postSolution
		{07310FDC-8AD7-4E88-88A0-09F5741FA1F5}.Debug|Any CPU.ActiveCfg = Debug|Any CPU
		{07310FDC-8AD7-4E88-88A0-09F5741FA1F5}.Debug|Any CPU.Build.0 = Debug|Any CPU
		{07310FDC-8AD7-4E88-88A0-09F5741FA1F5}.Release|Any CPU.ActiveCfg = Release|Any CPU
		{07310FDC-8AD7-4E88-88A0-09F5741FA1F5}.Release|Any CPU.Build.0 = Release|Any CPU
		{C2E74428-4002-46E2-B188-5CA074D39DF2}.Debug|Any CPU.ActiveCfg = Debug|Any CPU
		{C2E74428-4002-46E2-B188-5CA074D39DF2}.Debug|Any CPU.Build.0 = Debug|Any CPU
		{C2E74428-4002-46E2-B188-5CA074D39DF2}.Release|Any CPU.ActiveCfg = Release|Any CPU
		{C2E74428-4002-46E2-B188-5CA074D39DF2}.Release|Any CPU.Build.0 = Release|Any CPU
		{6D7C54A9-C5B5-4C9A-8482-B38E4CCC6213}.Debug|Any CPU.ActiveCfg = Debug|Any CPU
		{6D7C54A9-C5B5-4C9A-8482-B38E4CCC6213}.Debug|Any CPU.Build.0 = Debug|Any CPU
		{6D7C54A9-C5B5-4C9A-8482-B38E4CCC6213}.Release|Any CPU.ActiveCfg = Release|Any CPU
		{6D7C54A9-C5B5-4C9A-8482-B38E4CCC6213}.Release|Any CPU.Build.0 = Release|Any CPU
		{4A2AD4FB-C8DA-4685-86AF-9D97EB6D41A3}.Debug|Any CPU.ActiveCfg = Debug|Any CPU
		{4A2AD4FB-C8DA-4685-86AF-9D97EB6D41A3}.Debug|Any CPU.Build.0 = Debug|Any CPU
		{4A2AD4FB-C8DA-4685-86AF-9D97EB6D41A3}.Release|Any CPU.ActiveCfg = Release|Any CPU
		{4A2AD4FB-C8DA-4685-86AF-9D97EB6D41A3}.Release|Any CPU.Build.0 = Release|Any CPU
		{4C79F1C0-CA70-4E10-9BE9-0AE785B11767}.Debug|Any CPU.ActiveCfg = Debug|Any CPU
		{4C79F1C0-CA70-4E10-9BE9-0AE785B11767}.Debug|Any CPU.Build.0 = Debug|Any CPU
		{4C79F1C0-CA70-4E10-9BE9-0AE785B11767}.Release|Any CPU.ActiveCfg = Release|Any CPU
		{4C79F1C0-CA70-4E10-9BE9-0AE785B11767}.Release|Any CPU.Build.0 = Release|Any CPU
		{D74A0A86-35AD-4441-9215-3F62D1EE3DF8}.Debug|Any CPU.ActiveCfg = Debug|Any CPU
		{D74A0A86-35AD-4441-9215-3F62D1EE3DF8}.Debug|Any CPU.Build.0 = Debug|Any CPU
		{D74A0A86-35AD-4441-9215-3F62D1EE3DF8}.Release|Any CPU.ActiveCfg = Release|Any CPU
		{D74A0A86-35AD-4441-9215-3F62D1EE3DF8}.Release|Any CPU.Build.0 = Release|Any CPU
		{CC1E73A9-7F08-44FB-BB08-5E9E5434FDFD}.Debug|Any CPU.ActiveCfg = Debug|Any CPU
		{CC1E73A9-7F08-44FB-BB08-5E9E5434FDFD}.Debug|Any CPU.Build.0 = Debug|Any CPU
		{CC1E73A9-7F08-44FB-BB08-5E9E5434FDFD}.Release|Any CPU.ActiveCfg = Release|Any CPU
		{CC1E73A9-7F08-44FB-BB08-5E9E5434FDFD}.Release|Any CPU.Build.0 = Release|Any CPU
		{383BFA5D-B295-45CD-ADA3-8475A0AD0309}.Debug|Any CPU.ActiveCfg = Debug|Any CPU
		{383BFA5D-B295-45CD-ADA3-8475A0AD0309}.Debug|Any CPU.Build.0 = Debug|Any CPU
		{383BFA5D-B295-45CD-ADA3-8475A0AD0309}.Release|Any CPU.ActiveCfg = Release|Any CPU
		{383BFA5D-B295-45CD-ADA3-8475A0AD0309}.Release|Any CPU.Build.0 = Release|Any CPU
		{02A78DE5-C686-47ED-A3AD-7B7318E234F8}.Debug|Any CPU.ActiveCfg = Debug|Any CPU
		{02A78DE5-C686-47ED-A3AD-7B7318E234F8}.Debug|Any CPU.Build.0 = Debug|Any CPU
		{02A78DE5-C686-47ED-A3AD-7B7318E234F8}.Release|Any CPU.ActiveCfg = Release|Any CPU
		{02A78DE5-C686-47ED-A3AD-7B7318E234F8}.Release|Any CPU.Build.0 = Release|Any CPU
		{C9A86BD3-3EB7-4637-B566-BDD8A6D15DC3}.Debug|Any CPU.ActiveCfg = Debug|Any CPU
		{C9A86BD3-3EB7-4637-B566-BDD8A6D15DC3}.Debug|Any CPU.Build.0 = Debug|Any CPU
		{C9A86BD3-3EB7-4637-B566-BDD8A6D15DC3}.Release|Any CPU.ActiveCfg = Release|Any CPU
		{C9A86BD3-3EB7-4637-B566-BDD8A6D15DC3}.Release|Any CPU.Build.0 = Release|Any CPU
		{FA491507-C590-40DB-B603-9A34D4C1FD1C}.Debug|Any CPU.ActiveCfg = Debug|Any CPU
		{FA491507-C590-40DB-B603-9A34D4C1FD1C}.Debug|Any CPU.Build.0 = Debug|Any CPU
		{FA491507-C590-40DB-B603-9A34D4C1FD1C}.Release|Any CPU.ActiveCfg = Release|Any CPU
		{FA491507-C590-40DB-B603-9A34D4C1FD1C}.Release|Any CPU.Build.0 = Release|Any CPU
		{86364F81-ACCE-4EA5-9EB9-EBFA2CC48127}.Debug|Any CPU.ActiveCfg = Debug|Any CPU
		{86364F81-ACCE-4EA5-9EB9-EBFA2CC48127}.Debug|Any CPU.Build.0 = Debug|Any CPU
		{86364F81-ACCE-4EA5-9EB9-EBFA2CC48127}.Release|Any CPU.ActiveCfg = Release|Any CPU
		{86364F81-ACCE-4EA5-9EB9-EBFA2CC48127}.Release|Any CPU.Build.0 = Release|Any CPU
		{C65496AB-089A-401A-9014-7F7EC0A72425}.Debug|Any CPU.ActiveCfg = Debug|Any CPU
		{C65496AB-089A-401A-9014-7F7EC0A72425}.Debug|Any CPU.Build.0 = Debug|Any CPU
		{C65496AB-089A-401A-9014-7F7EC0A72425}.Release|Any CPU.ActiveCfg = Release|Any CPU
		{C65496AB-089A-401A-9014-7F7EC0A72425}.Release|Any CPU.Build.0 = Release|Any CPU
		{65E65F44-0A09-47CE-9309-B47A2A1DD088}.Debug|Any CPU.ActiveCfg = Debug|Any CPU
		{65E65F44-0A09-47CE-9309-B47A2A1DD088}.Debug|Any CPU.Build.0 = Debug|Any CPU
		{65E65F44-0A09-47CE-9309-B47A2A1DD088}.Release|Any CPU.ActiveCfg = Release|Any CPU
		{65E65F44-0A09-47CE-9309-B47A2A1DD088}.Release|Any CPU.Build.0 = Release|Any CPU
		{5E33312C-CF87-47DA-B6A7-EBB50FF85F12}.Debug|Any CPU.ActiveCfg = Debug|Any CPU
		{5E33312C-CF87-47DA-B6A7-EBB50FF85F12}.Debug|Any CPU.Build.0 = Debug|Any CPU
		{5E33312C-CF87-47DA-B6A7-EBB50FF85F12}.Release|Any CPU.ActiveCfg = Release|Any CPU
		{5E33312C-CF87-47DA-B6A7-EBB50FF85F12}.Release|Any CPU.Build.0 = Release|Any CPU
		{65CF891D-3B27-4413-887C-61A8ACD6AAD6}.Debug|Any CPU.ActiveCfg = Debug|Any CPU
		{65CF891D-3B27-4413-887C-61A8ACD6AAD6}.Debug|Any CPU.Build.0 = Debug|Any CPU
		{65CF891D-3B27-4413-887C-61A8ACD6AAD6}.Release|Any CPU.ActiveCfg = Release|Any CPU
		{65CF891D-3B27-4413-887C-61A8ACD6AAD6}.Release|Any CPU.Build.0 = Release|Any CPU
		{88232EA4-6F8B-4C00-A8DB-C9EBCC058C6C}.Debug|Any CPU.ActiveCfg = Debug|Any CPU
		{88232EA4-6F8B-4C00-A8DB-C9EBCC058C6C}.Debug|Any CPU.Build.0 = Debug|Any CPU
		{88232EA4-6F8B-4C00-A8DB-C9EBCC058C6C}.Release|Any CPU.ActiveCfg = Release|Any CPU
		{88232EA4-6F8B-4C00-A8DB-C9EBCC058C6C}.Release|Any CPU.Build.0 = Release|Any CPU
		{D4BFAF1E-C890-470F-B960-293C04D7546D}.Debug|Any CPU.ActiveCfg = Debug|Any CPU
		{D4BFAF1E-C890-470F-B960-293C04D7546D}.Debug|Any CPU.Build.0 = Debug|Any CPU
		{D4BFAF1E-C890-470F-B960-293C04D7546D}.Release|Any CPU.ActiveCfg = Release|Any CPU
		{D4BFAF1E-C890-470F-B960-293C04D7546D}.Release|Any CPU.Build.0 = Release|Any CPU
		{A6B77830-7BBC-46C1-8B6A-1F3F5BB84FEF}.Debug|Any CPU.ActiveCfg = Debug|Any CPU
		{A6B77830-7BBC-46C1-8B6A-1F3F5BB84FEF}.Debug|Any CPU.Build.0 = Debug|Any CPU
		{A6B77830-7BBC-46C1-8B6A-1F3F5BB84FEF}.Release|Any CPU.ActiveCfg = Release|Any CPU
		{A6B77830-7BBC-46C1-8B6A-1F3F5BB84FEF}.Release|Any CPU.Build.0 = Release|Any CPU
		{E559E51A-0F84-481B-ACA1-69B281011532}.Debug|Any CPU.ActiveCfg = Debug|Any CPU
		{E559E51A-0F84-481B-ACA1-69B281011532}.Debug|Any CPU.Build.0 = Debug|Any CPU
		{E559E51A-0F84-481B-ACA1-69B281011532}.Release|Any CPU.ActiveCfg = Release|Any CPU
		{E559E51A-0F84-481B-ACA1-69B281011532}.Release|Any CPU.Build.0 = Release|Any CPU
		{706A489B-AFAB-4C6D-8E6C-C2B51076D6F6}.Debug|Any CPU.ActiveCfg = Debug|Any CPU
		{706A489B-AFAB-4C6D-8E6C-C2B51076D6F6}.Debug|Any CPU.Build.0 = Debug|Any CPU
		{706A489B-AFAB-4C6D-8E6C-C2B51076D6F6}.Release|Any CPU.ActiveCfg = Release|Any CPU
		{706A489B-AFAB-4C6D-8E6C-C2B51076D6F6}.Release|Any CPU.Build.0 = Release|Any CPU
	EndGlobalSection
	GlobalSection(SolutionProperties) = preSolution
		HideSolutionNode = FALSE
	EndGlobalSection
	GlobalSection(ExtensibilityGlobals) = postSolution
		SolutionGuid = {1D9A2BD7-6F23-4CA7-82C0-B91579B110AE}
	EndGlobalSection
EndGlobal
